
Microsoft Visual Studio Solution File, Format Version 12.00
# Visual Studio Version 17
VisualStudioVersion = 17.5.33502.453
MinimumVisualStudioVersion = 10.0.40219.1
Project("{9A19103F-16F7-4668-BE54-9A1E7A4F7556}") = "Login", "login\Login.csproj", "{2D2A65C7-7300-421F-B532-0E7DCFD58C30}"
EndProject
Global
	GlobalSection(SolutionConfigurationPlatforms) = preSolution
		Debug|Any CPU = Debug|Any CPU
		Release|Any CPU = Release|Any CPU
	EndGlobalSection
	GlobalSection(ProjectConfigurationPlatforms) = postSolution
		{2D2A65C7-7300-421F-B532-0E7DCFD58C30}.Debug|Any CPU.ActiveCfg = Debug|Any CPU
		{2D2A65C7-7300-421F-B532-0E7DCFD58C30}.Debug|Any CPU.Build.0 = Debug|Any CPU
		{2D2A65C7-7300-421F-B532-0E7DCFD58C30}.Release|Any CPU.ActiveCfg = Release|Any CPU
		{2D2A65C7-7300-421F-B532-0E7DCFD58C30}.Release|Any CPU.Build.0 = Release|Any CPU
	EndGlobalSection
	GlobalSection(SolutionProperties) = preSolution
		HideSolutionNode = FALSE
	EndGlobalSection
	GlobalSection(ExtensibilityGlobals) = postSolution
		SolutionGuid = {62B87391-6F58-47F2-9947-C0EB4FE65F40}
	EndGlobalSection
EndGlobal
